{
  "name": "asp.net",
  "version": "1.0.0",
  "lockfileVersion": 2,
  "requires": true,
  "packages": {
    "": {
      "name": "asp.net",
      "version": "1.0.0",
      "dependencies": {
        "atrament": "1.4.0"
      }
    },
    "node_modules/atrament": {
      "version": "1.4.0",
      "resolved": "https://registry.npmjs.org/atrament/-/atrament-1.4.0.tgz",
      "integrity": "sha512-3flEalxuYYTfsuycjLdVgau1Ld6z72yQJnN+gKG6zBqLanwfb5SflmlaaoeR36QzWJx8Iy401yEhNyLkebY4Fw=="
    }
  },
  "dependencies": {
    "atrament": {
      "version": "1.4.0",
      "resolved": "https://registry.npmjs.org/atrament/-/atrament-1.4.0.tgz",
      "integrity": "sha512-3flEalxuYYTfsuycjLdVgau1Ld6z72yQJnN+gKG6zBqLanwfb5SflmlaaoeR36QzWJx8Iy401yEhNyLkebY4Fw=="
    }
  }
}
